// !$*UTF8*$!
{
	archiveVersion = 1;
	classes = {
	};
	objectVersion = 56;
	objects = {

/* Begin PBXBuildFile section */
		32D4F3EA2B751BC600B494BF /* ParksApp.swift in Sources */ = {isa = PBXBuildFile; fileRef = 32D4F3E92B751BC600B494BF /* ParksApp.swift */; };
		32D4F3EC2B751BC600B494BF /* ContentView.swift in Sources */ = {isa = PBXBuildFile; fileRef = 32D4F3EB2B751BC600B494BF /* ContentView.swift */; };
		32D4F3EE2B751BC700B494BF /* Assets.xcassets in Resources */ = {isa = PBXBuildFile; fileRef = 32D4F3ED2B751BC700B494BF /* Assets.xcassets */; };
		32D4F3F12B751BC700B494BF /* Preview Assets.xcassets in Resources */ = {isa = PBXBuildFile; fileRef = 32D4F3F02B751BC700B494BF /* Preview Assets.xcassets */; };
		32D4F3FB2B751BC700B494BF /* ParksTests.swift in Sources */ = {isa = PBXBuildFile; fileRef = 32D4F3FA2B751BC700B494BF /* ParksTests.swift */; };
		32D4F4052B751BC700B494BF /* ParksUITests.swift in Sources */ = {isa = PBXBuildFile; fileRef = 32D4F4042B751BC700B494BF /* ParksUITests.swift */; };
		32D4F4072B751BC700B494BF /* ParksUITestsLaunchTests.swift in Sources */ = {isa = PBXBuildFile; fileRef = 32D4F4062B751BC700B494BF /* ParksUITestsLaunchTests.swift */; };
/* End PBXBuildFile section */

/* Begin PBXContainerItemProxy section */
		32D4F3F72B751BC700B494BF /* PBXContainerItemProxy */ = {
			isa = PBXContainerItemProxy;
			containerPortal = 32D4F3DE2B751BC600B494BF /* Project object */;
			proxyType = 1;
			remoteGlobalIDString = 32D4F3E52B751BC600B494BF;
			remoteInfo = Parks;
		};
		32D4F4012B751BC700B494BF /* PBXContainerItemProxy */ = {
			isa = PBXContainerItemProxy;
			containerPortal = 32D4F3DE2B751BC600B494BF /* Project object */;
			proxyType = 1;
			remoteGlobalIDString = 32D4F3E52B751BC600B494BF;
			remoteInfo = Parks;
		};
/* End PBXContainerItemProxy section */

/* Begin PBXFileReference section */
		32D4F3E62B751BC600B494BF /* Parks.app */ = {isa = PBXFileReference; explicitFileType = wrapper.application; includeInIndex = 0; path = Parks.app; sourceTree = BUILT_PRODUCTS_DIR; };
		32D4F3E92B751BC600B494BF /* ParksApp.swift */ = {isa = PBXFileReference; lastKnownFileType = sourcecode.swift; path = ParksApp.swift; sourceTree = "<group>"; };
		32D4F3EB2B751BC600B494BF /* ContentView.swift */ = {isa = PBXFileReference; lastKnownFileType = sourcecode.swift; path = ContentView.swift; sourceTree = "<group>"; };
		32D4F3ED2B751BC700B494BF /* Assets.xcassets */ = {isa = PBXFileReference; lastKnownFileType = folder.assetcatalog; path = Assets.xcassets; sourceTree = "<group>"; };
		32D4F3F02B751BC700B494BF /* Preview Assets.xcassets */ = {isa = PBXFileReference; lastKnownFileType = folder.assetcatalog; path = "Preview Assets.xcassets"; sourceTree = "<group>"; };
		32D4F3F62B751BC700B494BF /* ParksTests.xctest */ = {isa = PBXFileReference; explicitFileType = wrapper.cfbundle; includeInIndex = 0; path = ParksTests.xctest; sourceTree = BUILT_PRODUCTS_DIR; };
		32D4F3FA2B751BC700B494BF /* ParksTests.swift */ = {isa = PBXFileReference; lastKnownFileType = sourcecode.swift; path = ParksTests.swift; sourceTree = "<group>"; };
		32D4F4002B751BC700B494BF /* ParksUITests.xctest */ = {isa = PBXFileReference; explicitFileType = wrapper.cfbundle; includeInIndex = 0; path = ParksUITests.xctest; sourceTree = BUILT_PRODUCTS_DIR; };
		32D4F4042B751BC700B494BF /* ParksUITests.swift */ = {isa = PBXFileReference; lastKnownFileType = sourcecode.swift; path = ParksUITests.swift; sourceTree = "<group>"; };
		32D4F4062B751BC700B494BF /* ParksUITestsLaunchTests.swift */ = {isa = PBXFileReference; lastKnownFileType = sourcecode.swift; path = ParksUITestsLaunchTests.swift; sourceTree = "<group>"; };
/* End PBXFileReference section */

/* Begin PBXFrameworksBuildPhase section */
		32D4F3E32B751BC600B494BF /* Frameworks */ = {
			isa = PBXFrameworksBuildPhase;
			buildActionMask = 2147483647;
			files = (
			);
			runOnlyForDeploymentPostprocessing = 0;
		};
		32D4F3F32B751BC700B494BF /* Frameworks */ = {
			isa = PBXFrameworksBuildPhase;
			buildActionMask = 2147483647;
			files = (
			);
			runOnlyForDeploymentPostprocessing = 0;
		};
		32D4F3FD2B751BC700B494BF /* Frameworks */ = {
			isa = PBXFrameworksBuildPhase;
			buildActionMask = 2147483647;
			files = (
			);
			runOnlyForDeploymentPostprocessing = 0;
		};
/* End PBXFrameworksBuildPhase section */

/* Begin PBXGroup section */
		32D4F3DD2B751BC600B494BF = {
			isa = PBXGroup;
			children = (
				32D4F3E82B751BC600B494BF /* Parks */,
				32D4F3F92B751BC700B494BF /* ParksTests */,
				32D4F4032B751BC700B494BF /* ParksUITests */,
				32D4F3E72B751BC600B494BF /* Products */,
			);
			sourceTree = "<group>";
		};
		32D4F3E72B751BC600B494BF /* Products */ = {
			isa = PBXGroup;
			children = (
				32D4F3E62B751BC600B494BF /* Parks.app */,
				32D4F3F62B751BC700B494BF /* ParksTests.xctest */,
				32D4F4002B751BC700B494BF /* ParksUITests.xctest */,
			);
			name = Products;
			sourceTree = "<group>";
		};
		32D4F3E82B751BC600B494BF /* Parks */ = {
			isa = PBXGroup;
			children = (
				32D4F3E92B751BC600B494BF /* ParksApp.swift */,
				32D4F3EB2B751BC600B494BF /* ContentView.swift */,
				32D4F3ED2B751BC700B494BF /* Assets.xcassets */,
				32D4F3EF2B751BC700B494BF /* Preview Content */,
			);
			path = Parks;
			sourceTree = "<group>";
		};
		32D4F3EF2B751BC700B494BF /* Preview Content */ = {
			isa = PBXGroup;
			children = (
				32D4F3F02B751BC700B494BF /* Preview Assets.xcassets */,
			);
			path = "Preview Content";
			sourceTree = "<group>";
		};
		32D4F3F92B751BC700B494BF /* ParksTests */ = {
			isa = PBXGroup;
			children = (
				32D4F3FA2B751BC700B494BF /* ParksTests.swift */,
			);
			path = ParksTests;
			sourceTree = "<group>";
		};
		32D4F4032B751BC700B494BF /* ParksUITests */ = {
			isa = PBXGroup;
			children = (
				32D4F4042B751BC700B494BF /* ParksUITests.swift */,
				32D4F4062B751BC700B494BF /* ParksUITestsLaunchTests.swift */,
			);
			path = ParksUITests;
			sourceTree = "<group>";
		};
/* End PBXGroup section */

/* Begin PBXNativeTarget section */
		32D4F3E52B751BC600B494BF /* Parks */ = {
			isa = PBXNativeTarget;
			buildConfigurationList = 32D4F40A2B751BC700B494BF /* Build configuration list for PBXNativeTarget "Parks" */;
			buildPhases = (
				32D4F3E22B751BC600B494BF /* Sources */,
				32D4F3E32B751BC600B494BF /* Frameworks */,
				32D4F3E42B751BC600B494BF /* Resources */,
			);
			buildRules = (
			);
			dependencies = (
			);
			name = Parks;
			productName = Parks;
			productReference = 32D4F3E62B751BC600B494BF /* Parks.app */;
			productType = "com.apple.product-type.application";
		};
		32D4F3F52B751BC700B494BF /* ParksTests */ = {
			isa = PBXNativeTarget;
			buildConfigurationList = 32D4F40D2B751BC700B494BF /* Build configuration list for PBXNativeTarget "ParksTests" */;
			buildPhases = (
				32D4F3F22B751BC700B494BF /* Sources */,
				32D4F3F32B751BC700B494BF /* Frameworks */,
				32D4F3F42B751BC700B494BF /* Resources */,
			);
			buildRules = (
			);
			dependencies = (
				32D4F3F82B751BC700B494BF /* PBXTargetDependency */,
			);
			name = ParksTests;
			productName = ParksTests;
			productReference = 32D4F3F62B751BC700B494BF /* ParksTests.xctest */;
			productType = "com.apple.product-type.bundle.unit-test";
		};
		32D4F3FF2B751BC700B494BF /* ParksUITests */ = {
			isa = PBXNativeTarget;
			buildConfigurationList = 32D4F4102B751BC700B494BF /* Build configuration list for PBXNativeTarget "ParksUITests" */;
			buildPhases = (
				32D4F3FC2B751BC700B494BF /* Sources */,
				32D4F3FD2B751BC700B494BF /* Frameworks */,
				32D4F3FE2B751BC700B494BF /* Resources */,
			);
			buildRules = (
			);
			dependencies = (
				32D4F4022B751BC700B494BF /* PBXTargetDependency */,
			);
			name = ParksUITests;
			productName = ParksUITests;
			productReference = 32D4F4002B751BC700B494BF /* ParksUITests.xctest */;
			productType = "com.apple.product-type.bundle.ui-testing";
		};
/* End PBXNativeTarget section */

/* Begin PBXProject section */
		32D4F3DE2B751BC600B494BF /* Project object */ = {
			isa = PBXProject;
			attributes = {
				BuildIndependentTargetsInParallel = 1;
				LastSwiftUpdateCheck = 1520;
				LastUpgradeCheck = 1520;
				TargetAttributes = {
					32D4F3E52B751BC600B494BF = {
						CreatedOnToolsVersion = 15.2;
					};
					32D4F3F52B751BC700B494BF = {
						CreatedOnToolsVersion = 15.2;
						TestTargetID = 32D4F3E52B751BC600B494BF;
					};
					32D4F3FF2B751BC700B494BF = {
						CreatedOnToolsVersion = 15.2;
						TestTargetID = 32D4F3E52B751BC600B494BF;
					};
				};
			};
			buildConfigurationList = 32D4F3E12B751BC600B494BF /* Build configuration list for PBXProject "Parks" */;
			compatibilityVersion = "Xcode 14.0";
			developmentRegion = en;
			hasScannedForEncodings = 0;
			knownRegions = (
				en,
				Base,
			);
			mainGroup = 32D4F3DD2B751BC600B494BF;
			productRefGroup = 32D4F3E72B751BC600B494BF /* Products */;
			projectDirPath = "";
			projectRoot = "";
			targets = (
				32D4F3E52B751BC600B494BF /* Parks */,
				32D4F3F52B751BC700B494BF /* ParksTests */,
				32D4F3FF2B751BC700B494BF /* ParksUITests */,
			);
		};
/* End PBXProject section */

/* Begin PBXResourcesBuildPhase section */
		32D4F3E42B751BC600B494BF /* Resources */ = {
			isa = PBXResourcesBuildPhase;
			buildActionMask = 2147483647;
			files = (
				32D4F3F12B751BC700B494BF /* Preview Assets.xcassets in Resources */,
				32D4F3EE2B751BC700B494BF /* Assets.xcassets in Resources */,
			);
			runOnlyForDeploymentPostprocessing = 0;
		};
		32D4F3F42B751BC700B494BF /* Resources */ = {
			isa = PBXResourcesBuildPhase;
			buildActionMask = 2147483647;
			files = (
			);
			runOnlyForDeploymentPostprocessing = 0;
		};
		32D4F3FE2B751BC700B494BF /* Resources */ = {
			isa = PBXResourcesBuildPhase;
			buildActionMask = 2147483647;
			files = (
			);
			runOnlyForDeploymentPostprocessing = 0;
		};
/* End PBXResourcesBuildPhase section */

/* Begin PBXSourcesBuildPhase section */
		32D4F3E22B751BC600B494BF /* Sources */ = {
			isa = PBXSourcesBuildPhase;
			buildActionMask = 2147483647;
			files = (
				32D4F3EC2B751BC600B494BF /* ContentView.swift in Sources */,
				32D4F3EA2B751BC600B494BF /* ParksApp.swift in Sources */,
			);
			runOnlyForDeploymentPostprocessing = 0;
		};
		32D4F3F22B751BC700B494BF /* Sources */ = {
			isa = PBXSourcesBuildPhase;
			buildActionMask = 2147483647;
			files = (
				32D4F3FB2B751BC700B494BF /* ParksTests.swift in Sources */,
			);
			runOnlyForDeploymentPostprocessing = 0;
		};
		32D4F3FC2B751BC700B494BF /* Sources */ = {
			isa = PBXSourcesBuildPhase;
			buildActionMask = 2147483647;
			files = (
				32D4F4072B751BC700B494BF /* ParksUITestsLaunchTests.swift in Sources */,
				32D4F4052B751BC700B494BF /* ParksUITests.swift in Sources */,
			);
			runOnlyForDeploymentPostprocessing = 0;
		};
/* End PBXSourcesBuildPhase section */

/* Begin PBXTargetDependency section */
		32D4F3F82B751BC700B494BF /* PBXTargetDependency */ = {
			isa = PBXTargetDependency;
			target = 32D4F3E52B751BC600B494BF /* Parks */;
			targetProxy = 32D4F3F72B751BC700B494BF /* PBXContainerItemProxy */;
		};
		32D4F4022B751BC700B494BF /* PBXTargetDependency */ = {
			isa = PBXTargetDependency;
			target = 32D4F3E52B751BC600B494BF /* Parks */;
			targetProxy = 32D4F4012B751BC700B494BF /* PBXContainerItemProxy */;
		};
/* End PBXTargetDependency section */

/* Begin XCBuildConfiguration section */
		32D4F4082B751BC700B494BF /* Debug */ = {
			isa = XCBuildConfiguration;
			buildSettings = {
				ALWAYS_SEARCH_USER_PATHS = NO;
				ASSETCATALOG_COMPILER_GENERATE_SWIFT_ASSET_SYMBOL_EXTENSIONS = YES;
				CLANG_ANALYZER_NONNULL = YES;
				CLANG_ANALYZER_NUMBER_OBJECT_CONVERSION = YES_AGGRESSIVE;
				CLANG_CXX_LANGUAGE_STANDARD = "gnu++20";
				CLANG_ENABLE_MODULES = YES;
				CLANG_ENABLE_OBJC_ARC = YES;
				CLANG_ENABLE_OBJC_WEAK = YES;
				CLANG_WARN_BLOCK_CAPTURE_AUTORELEASING = YES;
				CLANG_WARN_BOOL_CONVERSION = YES;
				CLANG_WARN_COMMA = YES;
				CLANG_WARN_CONSTANT_CONVERSION = YES;
				CLANG_WARN_DEPRECATED_OBJC_IMPLEMENTATIONS = YES;
				CLANG_WARN_DIRECT_OBJC_ISA_USAGE = YES_ERROR;
				CLANG_WARN_DOCUMENTATION_COMMENTS = YES;
				CLANG_WARN_EMPTY_BODY = YES;
				CLANG_WARN_ENUM_CONVERSION = YES;
				CLANG_WARN_INFINITE_RECURSION = YES;
				CLANG_WARN_INT_CONVERSION = YES;
				CLANG_WARN_NON_LITERAL_NULL_CONVERSION = YES;
				CLANG_WARN_OBJC_IMPLICIT_RETAIN_SELF = YES;
				CLANG_WARN_OBJC_LITERAL_CONVERSION = YES;
				CLANG_WARN_OBJC_ROOT_CLASS = YES_ERROR;
				CLANG_WARN_QUOTED_INCLUDE_IN_FRAMEWORK_HEADER = YES;
				CLANG_WARN_RANGE_LOOP_ANALYSIS = YES;
				CLANG_WARN_STRICT_PROTOTYPES = YES;
				CLANG_WARN_SUSPICIOUS_MOVE = YES;
				CLANG_WARN_UNGUARDED_AVAILABILITY = YES_AGGRESSIVE;
				CLANG_WARN_UNREACHABLE_CODE = YES;
				CLANG_WARN__DUPLICATE_METHOD_MATCH = YES;
				COPY_PHASE_STRIP = NO;
				DEBUG_INFORMATION_FORMAT = dwarf;
				ENABLE_STRICT_OBJC_MSGSEND = YES;
				ENABLE_TESTABILITY = YES;
				ENABLE_USER_SCRIPT_SANDBOXING = YES;
				GCC_C_LANGUAGE_STANDARD = gnu17;
				GCC_DYNAMIC_NO_PIC = NO;
				GCC_NO_COMMON_BLOCKS = YES;
				GCC_OPTIMIZATION_LEVEL = 0;
				GCC_PREPROCESSOR_DEFINITIONS = (
					"DEBUG=1",
					"$(inherited)",
				);
				GCC_WARN_64_TO_32_BIT_CONVERSION = YES;
				GCC_WARN_ABOUT_RETURN_TYPE = YES_ERROR;
				GCC_WARN_UNDECLARED_SELECTOR = YES;
				GCC_WARN_UNINITIALIZED_AUTOS = YES_AGGRESSIVE;
				GCC_WARN_UNUSED_FUNCTION = YES;
				GCC_WARN_UNUSED_VARIABLE = YES;
				IPHONEOS_DEPLOYMENT_TARGET = 17.2;
				LOCALIZATION_PREFERS_STRING_CATALOGS = YES;
				MTL_ENABLE_DEBUG_INFO = INCLUDE_SOURCE;
				MTL_FAST_MATH = YES;
				ONLY_ACTIVE_ARCH = YES;
				SDKROOT = iphoneos;
				SWIFT_ACTIVE_COMPILATION_CONDITIONS = "DEBUG $(inherited)";
				SWIFT_OPTIMIZATION_LEVEL = "-Onone";
			};
			name = Debug;
		};
		32D4F4092B751BC700B494BF /* Release */ = {
			isa = XCBuildConfiguration;
			buildSettings = {
				ALWAYS_SEARCH_USER_PATHS = NO;
				ASSETCATALOG_COMPILER_GENERATE_SWIFT_ASSET_SYMBOL_EXTENSIONS = YES;
				CLANG_ANALYZER_NONNULL = YES;
				CLANG_ANALYZER_NUMBER_OBJECT_CONVERSION = YES_AGGRESSIVE;
				CLANG_CXX_LANGUAGE_STANDARD = "gnu++20";
				CLANG_ENABLE_MODULES = YES;
				CLANG_ENABLE_OBJC_ARC = YES;
				CLANG_ENABLE_OBJC_WEAK = YES;
				CLANG_WARN_BLOCK_CAPTURE_AUTORELEASING = YES;
				CLANG_WARN_BOOL_CONVERSION = YES;
				CLANG_WARN_COMMA = YES;
				CLANG_WARN_CONSTANT_CONVERSION = YES;
				CLANG_WARN_DEPRECATED_OBJC_IMPLEMENTATIONS = YES;
				CLANG_WARN_DIRECT_OBJC_ISA_USAGE = YES_ERROR;
				CLANG_WARN_DOCUMENTATION_COMMENTS = YES;
				CLANG_WARN_EMPTY_BODY = YES;
				CLANG_WARN_ENUM_CONVERSION = YES;
				CLANG_WARN_INFINITE_RECURSION = YES;
				CLANG_WARN_INT_CONVERSION = YES;
				CLANG_WARN_NON_LITERAL_NULL_CONVERSION = YES;
				CLANG_WARN_OBJC_IMPLICIT_RETAIN_SELF = YES;
				CLANG_WARN_OBJC_LITERAL_CONVERSION = YES;
				CLANG_WARN_OBJC_ROOT_CLASS = YES_ERROR;
				CLANG_WARN_QUOTED_INCLUDE_IN_FRAMEWORK_HEADER = YES;
				CLANG_WARN_RANGE_LOOP_ANALYSIS = YES;
				CLANG_WARN_STRICT_PROTOTYPES = YES;
				CLANG_WARN_SUSPICIOUS_MOVE = YES;
				CLANG_WARN_UNGUARDED_AVAILABILITY = YES_AGGRESSIVE;
				CLANG_WARN_UNREACHABLE_CODE = YES;
				CLANG_WARN__DUPLICATE_METHOD_MATCH = YES;
				COPY_PHASE_STRIP = NO;
				DEBUG_INFORMATION_FORMAT = "dwarf-with-dsym";
				ENABLE_NS_ASSERTIONS = NO;
				ENABLE_STRICT_OBJC_MSGSEND = YES;
				ENABLE_USER_SCRIPT_SANDBOXING = YES;
				GCC_C_LANGUAGE_STANDARD = gnu17;
				GCC_NO_COMMON_BLOCKS = YES;
				GCC_WARN_64_TO_32_BIT_CONVERSION = YES;
				GCC_WARN_ABOUT_RETURN_TYPE = YES_ERROR;
				GCC_WARN_UNDECLARED_SELECTOR = YES;
				GCC_WARN_UNINITIALIZED_AUTOS = YES_AGGRESSIVE;
				GCC_WARN_UNUSED_FUNCTION = YES;
				GCC_WARN_UNUSED_VARIABLE = YES;
				IPHONEOS_DEPLOYMENT_TARGET = 17.2;
				LOCALIZATION_PREFERS_STRING_CATALOGS = YES;
				MTL_ENABLE_DEBUG_INFO = NO;
				MTL_FAST_MATH = YES;
				SDKROOT = iphoneos;
				SWIFT_COMPILATION_MODE = wholemodule;
				VALIDATE_PRODUCT = YES;
			};
			name = Release;
		};
		32D4F40B2B751BC700B494BF /* Debug */ = {
			isa = XCBuildConfiguration;
			buildSettings = {
				ASSETCATALOG_COMPILER_APPICON_NAME = AppIcon;
				ASSETCATALOG_COMPILER_GLOBAL_ACCENT_COLOR_NAME = AccentColor;
				CODE_SIGN_STYLE = Automatic;
				CURRENT_PROJECT_VERSION = 1;
				DEVELOPMENT_ASSET_PATHS = "\"Parks/Preview Content\"";
				DEVELOPMENT_TEAM = 964W23YLF9;
				ENABLE_PREVIEWS = YES;
				GENERATE_INFOPLIST_FILE = YES;
				INFOPLIST_KEY_UIApplicationSceneManifest_Generation = YES;
				INFOPLIST_KEY_UIApplicationSupportsIndirectInputEvents = YES;
				INFOPLIST_KEY_UILaunchScreen_Generation = YES;
				INFOPLIST_KEY_UISupportedInterfaceOrientations_iPad = "UIInterfaceOrientationPortrait UIInterfaceOrientationPortraitUpsideDown UIInterfaceOrientationLandscapeLeft UIInterfaceOrientationLandscapeRight";
				INFOPLIST_KEY_UISupportedInterfaceOrientations_iPhone = "UIInterfaceOrientationPortrait UIInterfaceOrientationLandscapeLeft UIInterfaceOrientationLandscapeRight";
				LD_RUNPATH_SEARCH_PATHS = (
					"$(inherited)",
					"@executable_path/Frameworks",
				);
				MARKETING_VERSION = 1.0;
				PRODUCT_BUNDLE_IDENTIFIER = com.Mariam.Parks;
				PRODUCT_NAME = "$(TARGET_NAME)";
				SWIFT_EMIT_LOC_STRINGS = YES;
				SWIFT_VERSION = 5.0;
				TARGETED_DEVICE_FAMILY = "1,2";
			};
			name = Debug;
		};
		32D4F40C2B751BC700B494BF /* Release */ = {
			isa = XCBuildConfiguration;
			buildSettings = {
				ASSETCATALOG_COMPILER_APPICON_NAME = AppIcon;
				ASSETCATALOG_COMPILER_GLOBAL_ACCENT_COLOR_NAME = AccentColor;
				CODE_SIGN_STYLE = Automatic;
				CURRENT_PROJECT_VERSION = 1;
				DEVELOPMENT_ASSET_PATHS = "\"Parks/Preview Content\"";
				DEVELOPMENT_TEAM = 964W23YLF9;
				ENABLE_PREVIEWS = YES;
				GENERATE_INFOPLIST_FILE = YES;
				INFOPLIST_KEY_UIApplicationSceneManifest_Generation = YES;
				INFOPLIST_KEY_UIApplicationSupportsIndirectInputEvents = YES;
				INFOPLIST_KEY_UILaunchScreen_Generation = YES;
				INFOPLIST_KEY_UISupportedInterfaceOrientations_iPad = "UIInterfaceOrientationPortrait UIInterfaceOrientationPortraitUpsideDown UIInterfaceOrientationLandscapeLeft UIInterfaceOrientationLandscapeRight";
				INFOPLIST_KEY_UISupportedInterfaceOrientations_iPhone = "UIInterfaceOrientationPortrait UIInterfaceOrientationLandscapeLeft UIInterfaceOrientationLandscapeRight";
				LD_RUNPATH_SEARCH_PATHS = (
					"$(inherited)",
					"@executable_path/Frameworks",
				);
				MARKETING_VERSION = 1.0;
				PRODUCT_BUNDLE_IDENTIFIER = com.Mariam.Parks;
				PRODUCT_NAME = "$(TARGET_NAME)";
				SWIFT_EMIT_LOC_STRINGS = YES;
				SWIFT_VERSION = 5.0;
				TARGETED_DEVICE_FAMILY = "1,2";
			};
			name = Release;
		};
		32D4F40E2B751BC700B494BF /* Debug */ = {
			isa = XCBuildConfiguration;
			buildSettings = {
				ALWAYS_EMBED_SWIFT_STANDARD_LIBRARIES = YES;
				BUNDLE_LOADER = "$(TEST_HOST)";
				CODE_SIGN_STYLE = Automatic;
				CURRENT_PROJECT_VERSION = 1;
				DEVELOPMENT_TEAM = 964W23YLF9;
				GENERATE_INFOPLIST_FILE = YES;
				IPHONEOS_DEPLOYMENT_TARGET = 17.2;
				MARKETING_VERSION = 1.0;
				PRODUCT_BUNDLE_IDENTIFIER = com.Mariam.ParksTests;
				PRODUCT_NAME = "$(TARGET_NAME)";
				SWIFT_EMIT_LOC_STRINGS = NO;
				SWIFT_VERSION = 5.0;
				TARGETED_DEVICE_FAMILY = "1,2";
				TEST_HOST = "$(BUILT_PRODUCTS_DIR)/Parks.app/$(BUNDLE_EXECUTABLE_FOLDER_PATH)/Parks";
			};
			name = Debug;
		};
		32D4F40F2B751BC700B494BF /* Release */ = {
			isa = XCBuildConfiguration;
			buildSettings = {
				ALWAYS_EMBED_SWIFT_STANDARD_LIBRARIES = YES;
				BUNDLE_LOADER = "$(TEST_HOST)";
				CODE_SIGN_STYLE = Automatic;
				CURRENT_PROJECT_VERSION = 1;
				DEVELOPMENT_TEAM = 964W23YLF9;
				GENERATE_INFOPLIST_FILE = YES;
				IPHONEOS_DEPLOYMENT_TARGET = 17.2;
				MARKETING_VERSION = 1.0;
				PRODUCT_BUNDLE_IDENTIFIER = com.Mariam.ParksTests;
				PRODUCT_NAME = "$(TARGET_NAME)";
				SWIFT_EMIT_LOC_STRINGS = NO;
				SWIFT_VERSION = 5.0;
				TARGETED_DEVICE_FAMILY = "1,2";
				TEST_HOST = "$(BUILT_PRODUCTS_DIR)/Parks.app/$(BUNDLE_EXECUTABLE_FOLDER_PATH)/Parks";
			};
			name = Release;
		};
		32D4F4112B751BC700B494BF /* Debug */ = {
			isa = XCBuildConfiguration;
			buildSettings = {
				ALWAYS_EMBED_SWIFT_STANDARD_LIBRARIES = YES;
				CODE_SIGN_STYLE = Automatic;
				CURRENT_PROJECT_VERSION = 1;
				DEVELOPMENT_TEAM = 964W23YLF9;
				GENERATE_INFOPLIST_FILE = YES;
				MARKETING_VERSION = 1.0;
				PRODUCT_BUNDLE_IDENTIFIER = com.Mariam.ParksUITests;
				PRODUCT_NAME = "$(TARGET_NAME)";
				SWIFT_EMIT_LOC_STRINGS = NO;
				SWIFT_VERSION = 5.0;
				TARGETED_DEVICE_FAMILY = "1,2";
				TEST_TARGET_NAME = Parks;
			};
			name = Debug;
		};
		32D4F4122B751BC700B494BF /* Release */ = {
			isa = XCBuildConfiguration;
			buildSettings = {
				ALWAYS_EMBED_SWIFT_STANDARD_LIBRARIES = YES;
				CODE_SIGN_STYLE = Automatic;
				CURRENT_PROJECT_VERSION = 1;
				DEVELOPMENT_TEAM = 964W23YLF9;
				GENERATE_INFOPLIST_FILE = YES;
				MARKETING_VERSION = 1.0;
				PRODUCT_BUNDLE_IDENTIFIER = com.Mariam.ParksUITests;
				PRODUCT_NAME = "$(TARGET_NAME)";
				SWIFT_EMIT_LOC_STRINGS = NO;
				SWIFT_VERSION = 5.0;
				TARGETED_DEVICE_FAMILY = "1,2";
				TEST_TARGET_NAME = Parks;
			};
			name = Release;
		};
/* End XCBuildConfiguration section */

/* Begin XCConfigurationList section */
		32D4F3E12B751BC600B494BF /* Build configuration list for PBXProject "Parks" */ = {
			isa = XCConfigurationList;
			buildConfigurations = (
				32D4F4082B751BC700B494BF /* Debug */,
				32D4F4092B751BC700B494BF /* Release */,
			);
			defaultConfigurationIsVisible = 0;
			defaultConfigurationName = Release;
		};
		32D4F40A2B751BC700B494BF /* Build configuration list for PBXNativeTarget "Parks" */ = {
			isa = XCConfigurationList;
			buildConfigurations = (
				32D4F40B2B751BC700B494BF /* Debug */,
				32D4F40C2B751BC700B494BF /* Release */,
			);
			defaultConfigurationIsVisible = 0;
			defaultConfigurationName = Release;
		};
		32D4F40D2B751BC700B494BF /* Build configuration list for PBXNativeTarget "ParksTests" */ = {
			isa = XCConfigurationList;
			buildConfigurations = (
				32D4F40E2B751BC700B494BF /* Debug */,
				32D4F40F2B751BC700B494BF /* Release */,
			);
			defaultConfigurationIsVisible = 0;
			defaultConfigurationName = Release;
		};
		32D4F4102B751BC700B494BF /* Build configuration list for PBXNativeTarget "ParksUITests" */ = {
			isa = XCConfigurationList;
			buildConfigurations = (
				32D4F4112B751BC700B494BF /* Debug */,
				32D4F4122B751BC700B494BF /* Release */,
			);
			defaultConfigurationIsVisible = 0;
			defaultConfigurationName = Release;
		};
/* End XCConfigurationList section */
	};
	rootObject = 32D4F3DE2B751BC600B494BF /* Project object */;
}
